
Microsoft Visual Studio Solution File, Format Version 12.00
# Visual Studio Version 16
VisualStudioVersion = 16.0.30717.126
MinimumVisualStudioVersion = 10.0.40219.1
Project("{FAE04EC0-301F-11D3-BF4B-00C04F79EFBC}") = "Algorithm", "Algorithm\Algorithm.csproj", "{A9495F8F-8DD1-4EAA-829F-295029719F50}"
EndProject
Global
	GlobalSection(SolutionConfigurationPlatforms) = preSolution
		Debug|Any CPU = Debug|Any CPU
		Release|Any CPU = Release|Any CPU
	EndGlobalSection
	GlobalSection(ProjectConfigurationPlatforms) = postSolution
		{A9495F8F-8DD1-4EAA-829F-295029719F50}.Debug|Any CPU.ActiveCfg = Debug|Any CPU
		{A9495F8F-8DD1-4EAA-829F-295029719F50}.Debug|Any CPU.Build.0 = Debug|Any CPU
		{A9495F8F-8DD1-4EAA-829F-295029719F50}.Release|Any CPU.ActiveCfg = Release|Any CPU
		{A9495F8F-8DD1-4EAA-829F-295029719F50}.Release|Any CPU.Build.0 = Release|Any CPU
	EndGlobalSection
	GlobalSection(SolutionProperties) = preSolution
		HideSolutionNode = FALSE
	EndGlobalSection
	GlobalSection(ExtensibilityGlobals) = postSolution
		SolutionGuid = {09079666-4F7E-4DC6-8AF5-62AB5DC6F500}
	EndGlobalSection
EndGlobal
