
Microsoft Visual Studio Solution File, Format Version 12.00
# Visual Studio Version 16
VisualStudioVersion = 16.0.30611.23
MinimumVisualStudioVersion = 10.0.40219.1
Project("{FAE04EC0-301F-11D3-BF4B-00C04F79EFBC}") = "JS_basic4", "JS_basic4\JS_basic4.csproj", "{517046A9-175A-4F51-8AAD-FD3DD500A16E}"
EndProject
Global
	GlobalSection(SolutionConfigurationPlatforms) = preSolution
		Debug|Any CPU = Debug|Any CPU
		Release|Any CPU = Release|Any CPU
	EndGlobalSection
	GlobalSection(ProjectConfigurationPlatforms) = postSolution
		{517046A9-175A-4F51-8AAD-FD3DD500A16E}.Debug|Any CPU.ActiveCfg = Debug|Any CPU
		{517046A9-175A-4F51-8AAD-FD3DD500A16E}.Debug|Any CPU.Build.0 = Debug|Any CPU
		{517046A9-175A-4F51-8AAD-FD3DD500A16E}.Release|Any CPU.ActiveCfg = Release|Any CPU
		{517046A9-175A-4F51-8AAD-FD3DD500A16E}.Release|Any CPU.Build.0 = Release|Any CPU
	EndGlobalSection
	GlobalSection(SolutionProperties) = preSolution
		HideSolutionNode = FALSE
	EndGlobalSection
	GlobalSection(ExtensibilityGlobals) = postSolution
		SolutionGuid = {5854E33C-7A6E-4C91-AC3B-F365BE0EAC79}
	EndGlobalSection
EndGlobal
